
Microsoft Visual Studio Solution File, Format Version 12.00
Project("{FAE04EC0-301F-11D3-BF4B-00C04F79EFBC}") = "ToDo", "ToDo\ToDo.csproj", "{8AC53832-3A93-4FEA-BF27-38140E7E06E2}"
EndProject
Project("{FAE04EC0-301F-11D3-BF4B-00C04F79EFBC}") = "ToDo.Test", "ToDo.Test\ToDo.Test.csproj", "{E4B0BAA0-6912-48D9-8000-93C4DE65FE6B}"
EndProject
Project("{2150E333-8FDC-42A3-9474-1A3956D46DE8}") = "Docs", "Docs", "{E3D95068-1884-4996-BCAB-524B686FA85A}"
	ProjectSection(SolutionItems) = preProject
		.gitignore = .gitignore
		README.md = README.md
	EndProjectSection
EndProject
Global
	GlobalSection(SolutionConfigurationPlatforms) = preSolution
		Debug|Any CPU = Debug|Any CPU
		Release|Any CPU = Release|Any CPU
	EndGlobalSection
	GlobalSection(ProjectConfigurationPlatforms) = postSolution
		{8AC53832-3A93-4FEA-BF27-38140E7E06E2}.Debug|Any CPU.ActiveCfg = Debug|Any CPU
		{8AC53832-3A93-4FEA-BF27-38140E7E06E2}.Debug|Any CPU.Build.0 = Debug|Any CPU
		{8AC53832-3A93-4FEA-BF27-38140E7E06E2}.Release|Any CPU.ActiveCfg = Release|Any CPU
		{8AC53832-3A93-4FEA-BF27-38140E7E06E2}.Release|Any CPU.Build.0 = Release|Any CPU
		{E4B0BAA0-6912-48D9-8000-93C4DE65FE6B}.Debug|Any CPU.ActiveCfg = Debug|Any CPU
		{E4B0BAA0-6912-48D9-8000-93C4DE65FE6B}.Debug|Any CPU.Build.0 = Debug|Any CPU
		{E4B0BAA0-6912-48D9-8000-93C4DE65FE6B}.Release|Any CPU.ActiveCfg = Release|Any CPU
		{E4B0BAA0-6912-48D9-8000-93C4DE65FE6B}.Release|Any CPU.Build.0 = Release|Any CPU
	EndGlobalSection
EndGlobal
